
Microsoft Visual Studio Solution File, Format Version 12.00
# Visual Studio 15
VisualStudioVersion = 15.0.26730.12
MinimumVisualStudioVersion = 10.0.40219.1
Project("{FAE04EC0-301F-11D3-BF4B-00C04F79EFBC}") = "MyWeddingWebsite", "MyWeddingWebsite\MyWeddingWebsite.csproj", "{95DA0953-92B1-4F92-86E2-04BB2CC7CB47}"
EndProject
Global
	GlobalSection(SolutionConfigurationPlatforms) = preSolution
		Debug|Any CPU = Debug|Any CPU
		Release|Any CPU = Release|Any CPU
	EndGlobalSection
	GlobalSection(ProjectConfigurationPlatforms) = postSolution
		{95DA0953-92B1-4F92-86E2-04BB2CC7CB47}.Debug|Any CPU.ActiveCfg = Debug|Any CPU
		{95DA0953-92B1-4F92-86E2-04BB2CC7CB47}.Debug|Any CPU.Build.0 = Debug|Any CPU
		{95DA0953-92B1-4F92-86E2-04BB2CC7CB47}.Release|Any CPU.ActiveCfg = Release|Any CPU
		{95DA0953-92B1-4F92-86E2-04BB2CC7CB47}.Release|Any CPU.Build.0 = Release|Any CPU
	EndGlobalSection
	GlobalSection(SolutionProperties) = preSolution
		HideSolutionNode = FALSE
	EndGlobalSection
	GlobalSection(ExtensibilityGlobals) = postSolution
		SolutionGuid = {1505FAE1-24C5-485B-838A-6388C75E6339}
	EndGlobalSection
EndGlobal
